
Microsoft Visual Studio Solution File, Format Version 12.00
# Visual Studio Version 17
VisualStudioVersion = 17.6.33829.357
MinimumVisualStudioVersion = 10.0.40219.1
Project("{FAE04EC0-301F-11D3-BF4B-00C04F79EFBC}") = "GithubMVCDemo", "GithubMVCDemo\GithubMVCDemo.csproj", "{37A7DD17-F016-440C-B398-6BF1DD37676A}"
EndProject
Global
	GlobalSection(SolutionConfigurationPlatforms) = preSolution
		Debug|Any CPU = Debug|Any CPU
		Release|Any CPU = Release|Any CPU
	EndGlobalSection
	GlobalSection(ProjectConfigurationPlatforms) = postSolution
		{37A7DD17-F016-440C-B398-6BF1DD37676A}.Debug|Any CPU.ActiveCfg = Debug|Any CPU
		{37A7DD17-F016-440C-B398-6BF1DD37676A}.Debug|Any CPU.Build.0 = Debug|Any CPU
		{37A7DD17-F016-440C-B398-6BF1DD37676A}.Release|Any CPU.ActiveCfg = Release|Any CPU
		{37A7DD17-F016-440C-B398-6BF1DD37676A}.Release|Any CPU.Build.0 = Release|Any CPU
	EndGlobalSection
	GlobalSection(SolutionProperties) = preSolution
		HideSolutionNode = FALSE
	EndGlobalSection
	GlobalSection(ExtensibilityGlobals) = postSolution
		SolutionGuid = {93F5E9D7-C19B-40BB-A4FB-4555DF4C6C15}
	EndGlobalSection
EndGlobal
